github.com/BurntSushi/toml v1.1.0 h1:ksErzDEI1khOiGPgpwuI7x2ebx/uXQNw7xJpn9Eq1+I=
github.com/BurntSushi/toml v1.1.0/go.mod h1:CxXYINrC8qIiEnFrOxCa7Jy5BFHlXnUU2pbicEuybxQ=
github.com/aws/aws-sdk-go v1.44.47 h1:uyiNvoR4wfZ8Bp4ghgbyzGFIg5knjZMUAd5S9ba9qNU=
github.com/aws/aws-sdk-go v1.44.47/go.mod h1:y4AeaBuwd2Lk+GepC1E9v0qOiTws0MIWAX4oIKwKHZo=
github.com/aws/aws-sdk-go-v2 v1.17.3 h1:shN7NlnVzvDUgPQ+1rLMSxY8OWRNDRYtiqe0p/PgrhY=
github.com/aws/aws-sdk-go-v2 v1.17.3/go.mod h1:uzbQtefpm44goOPmdKyAlXSNcwlRgF3ePWVW6EtJvvw=
github.com/aws/aws-sdk-go-v2/config v1.18.7 h1:V94lTcix6jouwmAsgQMAEBozVAGJMFhVj+6/++xfe3E=
github.com/aws/aws-sdk-go-v2/config v1.18.7/go.mod h1:OZYsyHFL5PB9UpyS78NElgKs11qI/B5KJau2XOJDXHA=
github.com/aws/aws-sdk-go-v2/credentials v1.13.7 h1:qUUcNS5Z1092XBFT66IJM7mYkMwgZ8fcC8YDIbEwXck=
github.com/aws/aws-sdk-go-v2/credentials v1.13.7/go.mod h1:AdCcbZXHQCjJh6NaH3pFaw8LUeBFn5+88BZGMVGuBT8=
github.com/aws/aws-sdk-go-v2/feature/ec2/imds v1.12.21 h1:j9wi1kQ8b+e0FBVHxCqCGo4kxDU175hoDHcWAi0sauU=
github.com/aws/aws-sdk-go-v2/feature/ec2/imds v1.12.21/go.mod h1:ugwW57Z5Z48bpvUyZuaPy4Kv+vEfJWnIrky7RmkBvJg=
github.com/aws/aws-sdk-go-v2/internal/configsources v1.1.27 h1:I3cakv2Uy1vNmmhRQmFptYDxOvBnwCdNwyw63N0RaRU=
github.com/aws/aws-sdk-go-v2/internal/configsources v1.1.27/go.mod h1:a1/UpzeyBBerajpnP5nGZa9mGzsBn5cOKxm6NWQsvoI=
github.com/aws/aws-sdk-go-v2/internal/endpoints/v2 v2.4.21 h1:5NbbMrIzmUn/TXFqAle6mgrH5m9cOvMLRGL7pnG8tRE=
github.com/aws/aws-sdk-go-v2/internal/endpoints/v2 v2.4.21/go.mod h1:+Gxn8jYn5k9ebfHEqlhrMirFjSW0v0C9fI+KN5vk2kE=
github.com/aws/aws-sdk-go-v2/internal/ini v1.3.28 h1:KeTxcGdNnQudb46oOl4d90f2I33DF/c6q3RnZAmvQdQ=
github.com/aws/aws-sdk-go-v2/internal/ini v1.3.28/go.mod h1:yRZVr/iT0AqyHeep00SZ4YfBAKojXz08w3XMBscdi0c=
github.com/aws/aws-sdk-go-v2/service/ec2 v1.77.0 h1:m6HYlpZlTWb9vHuuRHpWRieqPHWlS0mvQ90OJNrG/Nk=
github.com/aws/aws-sdk-go-v2/service/ec2 v1.77.0/go.mod h1:mV0E7631M1eXdB+tlGFIw6JxfsC7Pz7+7Aw15oLVhZw=
github.com/aws/aws-sdk-go-v2/service/internal/presigned-url v1.9.21 h1:5C6XgTViSb0bunmU57b3CT+MhxULqHH2721FVA+/kDM=
github.com/aws/aws-sdk-go-v2/service/internal/presigned-url v1.9.21/go.mod h1:lRToEJsn+DRA9lW4O9L9+/3hjTkUzlzyzHqn8MTds5k=
github.com/aws/aws-sdk-go-v2/service/sso v1.11.28 h1:gItLq3zBYyRDPmqAClgzTH8PBjDQGeyptYGHIwtYYNA=
github.com/aws/aws-sdk-go-v2/service/sso v1.11.28/go.mod h1:wo/B7uUm/7zw/dWhBJ4FXuw1sySU5lyIhVg1Bu2yL9A=
github.com/aws/aws-sdk-go-v2/service/ssooidc v1.13.11 h1:KCacyVSs/wlcPGx37hcbT3IGYO8P8Jx+TgSDhAXtQMY=
github.com/aws/aws-sdk-go-v2/service/ssooidc v1.13.11/go.mod h1:TZSH7xLO7+phDtViY/KUp9WGCJMQkLJ/VpgkTFd5gh8=
github.com/aws/aws-sdk-go-v2/service/sts v1.17.7 h1:9Mtq1KM6nD8/+HStvWcvYnixJ5N85DX+P+OY3kI3W2k=
github.com/aws/aws-sdk-go-v2/service/sts v1.17.7/go.mod h1:+lGbb3+1ugwKrNTWcf2RT05Xmp543B06zDFTwiTLp7I=
github.com/aws/smithy-go v1.13.5 h1:hgz0X/DX0dGqTYpGALqXJoRKRj5oQ7150i5FdTePzO8=
github.com/aws/smithy-go v1.13.5/go.mod h1:Tg+OJXh4MB2R/uN61Ko2f6hTZwB/ZYGOtib8J3gBHzA=
github.com/codegangsta/cli v1.19.2-0.20170304223336-9e5b04886c4b h1:tSwkXBokPt9jGQnK2qNjaO+VYRkx6/CN1udzfN/WDLk=
github.com/codegangsta/cli v1.19.2-0.20170304223336-9e5b04886c4b/go.mod h1:/qJNoX69yVSKu5o4jLyXAENLRyk1uhi7zkbQ3slBdOA=
github.com/davecgh/go-spew v1.1.0 h1:ZDRjVQ15GmhC3fiQ8ni8+OwkZQO4DARzQgrnXU1Liz8=
github.com/davecgh/go-spew v1.1.0/go.mod h1:J7Y8YcW2NihsgmVo/mv3lAwl/skON4iLHjSsI+c5H38=
github.com/google/go-cmp v0.5.8/go.mod h1:17dUlkBOakJ0+DkrSSNjCkIjxS6bF9zb3elmeNGIjoY=
github.com/jmespath/go-jmespath v0.4.0 h1:BEgLn5cpjn8UN1mAw4NjwDrS35OdebyEtFe+9YPoQUg=
github.com/jmespath/go-jmespath v0.4.0/go.mod h1:T8mJZnbsbmF+m6zOOFylbeCJqk5+pHWvzYPziyZiYoo=
github.com/jmespath/go-jmespath/internal/testify v1.5.1 h1:shLQSRRSCCPj3f2gpwzGwWFoC7ycTf1rcQZHOlsJ6N8=
github.com/jmespath/go-jmespath/internal/testify v1.5.1/go.mod h1:L3OGu8Wl2/fWfCI6z80xFu9LTZmf1ZRjMHUOPmWr69U=
github.com/kr/pretty v0.2.0 h1:s5hAObm+yFO5uHYt5dYjxi2rXrsnmRpJx4OYvIWUaQs=
github.com/kr/pretty v0.2.0/go.mod h1:ipq/a2n7PKx3OHsz4KJII5eveXtPO4qwEXGdVfWzfnI=
github.com/kr/pty v1.1.1/go.mod h1:pFQYn66WHrOpPYNljwOMqo10TkYh1fy3cYio2l3bCsQ=
github.com/kr/text v0.1.0 h1:45sCR5RtlFHMR4UwH9sdQ5TC8v0qDQCHnXt+kaKSTVE=
github.com/kr/text v0.1.0/go.mod h1:4Jbv+DJW3UT/LiOwJeYQe1efqtUx/iVham/4vfdArNI=
github.com/mattn/go-runewidth v0.0.3-0.20170201023540-14207d285c6c h1:jQ6tSGsM/2TGhmbzHl9wXDtm2YjZDAfMsHyxaBDwywA=
github.com/mattn/go-runewidth v0.0.3-0.20170201023540-14207d285c6c/go.mod h1:LwmH8dsx7+W8Uxz3IHJYH5QSwggIsqBzpuz5H//U1FU=
github.com/nsf/termbox-go v0.0.0-20170301014343-91bae1bb5fa9 h1:5IzvsUDaj4GRGUVLT6SYv3zhYhrcVaucmGwzPlGjXXE=
github.com/nsf/termbox-go v0.0.0-20170301014343-91bae1bb5fa9/go.mod h1:IuKpRQcYE1Tfu+oAQqaLisqDeXgjyyltCfsaoYN18NQ=
github.com/pkg/errors v0.9.1/go.mod h1:bwawxfHBFNV+L2hUp1rHADufV3IMtnDRdf1r5NINEl0=
github.com/pmezard/go-difflib v1.0.0 h1:4DBwDE0NGyQoBHbLQYPwSUPoCMWR5BEzIk/f1lZbAQM=
github.com/pmezard/go-difflib v1.0.0/go.mod h1:iKH77koFhYxTK1pcRnkKkqfTogsbg7gZNVY4sRDYZ/4=
github.com/reiki4040/cstore v0.0.0-20171008135936-24bad87f431e h1:gUDdHght5yzTajNyOPrWyJJYQZOpKm+RAF8gSKq5ExE=
github.com/reiki4040/cstore v0.0.0-20171008135936-24bad87f431e/go.mod h1:iasUXhWLAjllWiD6wrBN4uHrwG/IGH/8tn7bzZrOxow=
github.com/reiki4040/peco v0.2.11-0.20151126115510-ddfdd8e55636 h1:3OjMOnBRHfgjYw3zPivn817XJhjfdrRZ2Dyh1LZHma4=
github.com/reiki4040/peco v0.2.11-0.20151126115510-ddfdd8e55636/go.mod h1:x/NwSG06TNdVaMRKgR9qx1+HtGgcfnJlKOlD8zpHX44=
github.com/stretchr/objx v0.1.0/go.mod h1:HFkY916IF+rwdDfMAkV7OtwuqBVzrE8GR6GFx+wExME=
golang.org/x/net v0.0.0-20220127200216-cd36cc0744dd/go.mod h1:CfG3xpIq0wQ8r1q4Su4UZFWDARRcnwPjda9FqA0JpMk=
golang.org/x/sys v0.0.0-20210615035016-665e8c7367d1/go.mod h1:oPkhp1MJrh7nUepCBck5+mAzfO9JrbApNNgaTdGDITg=
golang.org/x/sys v0.0.0-20211216021012-1d35b9e2eb4e/go.mod h1:oPkhp1MJrh7nUepCBck5+mAzfO9JrbApNNgaTdGDITg=
golang.org/x/term v0.0.0-20210927222741-03fcf44c2211/go.mod h1:jbD1KX2456YbFQfuXm/mYQcufACuNUgVhRMnK/tPxf8=
golang.org/x/text v0.3.7/go.mod h1:u+2+/6zg+i71rQMx5EYifcz6MCKuco9NR6JIITiCfzQ=
golang.org/x/tools v0.0.0-20180917221912-90fa682c2a6e/go.mod h1:n7NCudcB/nEzxVGmLbDWY5pfWTLqBcC2KZ6jyYvM4mQ=
gopkg.in/check.v1 v0.0.0-20161208181325-20d25e280405/go.mod h1:Co6ibVJAznAaIkqp8huTwlJQCZ016jof/cbN4VW5Yz0=
gopkg.in/check.v1 v1.0.0-20190902080502-41f04d3bba15 h1:YR8cESwS4TdDjEe65xsg0ogRM/Nc3DYOhEAlW+xobZo=
gopkg.in/check.v1 v1.0.0-20190902080502-41f04d3bba15/go.mod h1:Co6ibVJAznAaIkqp8huTwlJQCZ016jof/cbN4VW5Yz0=
gopkg.in/yaml.v2 v2.2.8/go.mod h1:hI93XBmqTisBFMUTm0b8Fm+jr3Dg1NNxqwp+5A1VGuI=
gopkg.in/yaml.v2 v2.4.0 h1:D8xgwECY7CYvx+Y2n4sBz93Jn9JRvxdiyyo8CTfuKaY=
gopkg.in/yaml.v2 v2.4.0/go.mod h1:RDklbk79AGWmwhnvt/jBztapEOGDOx6ZbXqjP6csGnQ=
